// !$*UTF8*$!
{
	archiveVersion = 1;
	classes = {
	};
	objectVersion = 56;
	objects = {

/* Begin PBXBuildFile section */
		BD9DB6162CC5132C00E993DF /* AppDelegate.swift in Sources */ = {isa = PBXBuildFile; fileRef = BD9DB6152CC5132C00E993DF /* AppDelegate.swift */; };
		BD9DB6182CC5132C00E993DF /* SceneDelegate.swift in Sources */ = {isa = PBXBuildFile; fileRef = BD9DB6172CC5132C00E993DF /* SceneDelegate.swift */; };
		BD9DB61A2CC5132C00E993DF /* ViewController.swift in Sources */ = {isa = PBXBuildFile; fileRef = BD9DB6192CC5132C00E993DF /* ViewController.swift */; };
		BD9DB61D2CC5132C00E993DF /* Main.storyboard in Resources */ = {isa = PBXBuildFile; fileRef = BD9DB61B2CC5132C00E993DF /* Main.storyboard */; };
		BD9DB61F2CC5133100E993DF /* Assets.xcassets in Resources */ = {isa = PBXBuildFile; fileRef = BD9DB61E2CC5133100E993DF /* Assets.xcassets */; };
		BD9DB6222CC5133100E993DF /* LaunchScreen.storyboard in Resources */ = {isa = PBXBuildFile; fileRef = BD9DB6202CC5133100E993DF /* LaunchScreen.storyboard */; };
		BD9DB62D2CC5133100E993DF /* GithubAppTests.swift in Sources */ = {isa = PBXBuildFile; fileRef = BD9DB62C2CC5133100E993DF /* GithubAppTests.swift */; };
		BD9DB6372CC5133100E993DF /* GithubAppUITests.swift in Sources */ = {isa = PBXBuildFile; fileRef = BD9DB6362CC5133100E993DF /* GithubAppUITests.swift */; };
		BD9DB6392CC5133100E993DF /* GithubAppUITestsLaunchTests.swift in Sources */ = {isa = PBXBuildFile; fileRef = BD9DB6382CC5133100E993DF /* GithubAppUITestsLaunchTests.swift */; };
/* End PBXBuildFile section */

/* Begin PBXContainerItemProxy section */
		BD9DB6292CC5133100E993DF /* PBXContainerItemProxy */ = {
			isa = PBXContainerItemProxy;
			containerPortal = BD9DB60A2CC5132C00E993DF /* Project object */;
			proxyType = 1;
			remoteGlobalIDString = BD9DB6112CC5132C00E993DF;
			remoteInfo = GithubApp;
		};
		BD9DB6332CC5133100E993DF /* PBXContainerItemProxy */ = {
			isa = PBXContainerItemProxy;
			containerPortal = BD9DB60A2CC5132C00E993DF /* Project object */;
			proxyType = 1;
			remoteGlobalIDString = BD9DB6112CC5132C00E993DF;
			remoteInfo = GithubApp;
		};
/* End PBXContainerItemProxy section */

/* Begin PBXFileReference section */
		BD9DB6122CC5132C00E993DF /* GithubApp.app */ = {isa = PBXFileReference; explicitFileType = wrapper.application; includeInIndex = 0; path = GithubApp.app; sourceTree = BUILT_PRODUCTS_DIR; };
		BD9DB6152CC5132C00E993DF /* AppDelegate.swift */ = {isa = PBXFileReference; lastKnownFileType = sourcecode.swift; path = AppDelegate.swift; sourceTree = "<group>"; };
		BD9DB6172CC5132C00E993DF /* SceneDelegate.swift */ = {isa = PBXFileReference; lastKnownFileType = sourcecode.swift; path = SceneDelegate.swift; sourceTree = "<group>"; };
		BD9DB6192CC5132C00E993DF /* ViewController.swift */ = {isa = PBXFileReference; lastKnownFileType = sourcecode.swift; path = ViewController.swift; sourceTree = "<group>"; };
		BD9DB61C2CC5132C00E993DF /* Base */ = {isa = PBXFileReference; lastKnownFileType = file.storyboard; name = Base; path = Base.lproj/Main.storyboard; sourceTree = "<group>"; };
		BD9DB61E2CC5133100E993DF /* Assets.xcassets */ = {isa = PBXFileReference; lastKnownFileType = folder.assetcatalog; path = Assets.xcassets; sourceTree = "<group>"; };
		BD9DB6212CC5133100E993DF /* Base */ = {isa = PBXFileReference; lastKnownFileType = file.storyboard; name = Base; path = Base.lproj/LaunchScreen.storyboard; sourceTree = "<group>"; };
		BD9DB6232CC5133100E993DF /* Info.plist */ = {isa = PBXFileReference; lastKnownFileType = text.plist.xml; path = Info.plist; sourceTree = "<group>"; };
		BD9DB6282CC5133100E993DF /* GithubAppTests.xctest */ = {isa = PBXFileReference; explicitFileType = wrapper.cfbundle; includeInIndex = 0; path = GithubAppTests.xctest; sourceTree = BUILT_PRODUCTS_DIR; };
		BD9DB62C2CC5133100E993DF /* GithubAppTests.swift */ = {isa = PBXFileReference; lastKnownFileType = sourcecode.swift; path = GithubAppTests.swift; sourceTree = "<group>"; };
		BD9DB6322CC5133100E993DF /* GithubAppUITests.xctest */ = {isa = PBXFileReference; explicitFileType = wrapper.cfbundle; includeInIndex = 0; path = GithubAppUITests.xctest; sourceTree = BUILT_PRODUCTS_DIR; };
		BD9DB6362CC5133100E993DF /* GithubAppUITests.swift */ = {isa = PBXFileReference; lastKnownFileType = sourcecode.swift; path = GithubAppUITests.swift; sourceTree = "<group>"; };
		BD9DB6382CC5133100E993DF /* GithubAppUITestsLaunchTests.swift */ = {isa = PBXFileReference; lastKnownFileType = sourcecode.swift; path = GithubAppUITestsLaunchTests.swift; sourceTree = "<group>"; };
/* End PBXFileReference section */

/* Begin PBXFrameworksBuildPhase section */
		BD9DB60F2CC5132C00E993DF /* Frameworks */ = {
			isa = PBXFrameworksBuildPhase;
			buildActionMask = 2147483647;
			files = (
			);
			runOnlyForDeploymentPostprocessing = 0;
		};
		BD9DB6252CC5133100E993DF /* Frameworks */ = {
			isa = PBXFrameworksBuildPhase;
			buildActionMask = 2147483647;
			files = (
			);
			runOnlyForDeploymentPostprocessing = 0;
		};
		BD9DB62F2CC5133100E993DF /* Frameworks */ = {
			isa = PBXFrameworksBuildPhase;
			buildActionMask = 2147483647;
			files = (
			);
			runOnlyForDeploymentPostprocessing = 0;
		};
/* End PBXFrameworksBuildPhase section */

/* Begin PBXGroup section */
		BD9DB6092CC5132C00E993DF = {
			isa = PBXGroup;
			children = (
				BD9DB6142CC5132C00E993DF /* GithubApp */,
				BD9DB62B2CC5133100E993DF /* GithubAppTests */,
				BD9DB6352CC5133100E993DF /* GithubAppUITests */,
				BD9DB6132CC5132C00E993DF /* Products */,
			);
			sourceTree = "<group>";
		};
		BD9DB6132CC5132C00E993DF /* Products */ = {
			isa = PBXGroup;
			children = (
				BD9DB6122CC5132C00E993DF /* GithubApp.app */,
				BD9DB6282CC5133100E993DF /* GithubAppTests.xctest */,
				BD9DB6322CC5133100E993DF /* GithubAppUITests.xctest */,
			);
			name = Products;
			sourceTree = "<group>";
		};
		BD9DB6142CC5132C00E993DF /* GithubApp */ = {
			isa = PBXGroup;
			children = (
				BD9DB6152CC5132C00E993DF /* AppDelegate.swift */,
				BD9DB6172CC5132C00E993DF /* SceneDelegate.swift */,
				BD9DB6192CC5132C00E993DF /* ViewController.swift */,
				BD9DB61B2CC5132C00E993DF /* Main.storyboard */,
				BD9DB61E2CC5133100E993DF /* Assets.xcassets */,
				BD9DB6202CC5133100E993DF /* LaunchScreen.storyboard */,
				BD9DB6232CC5133100E993DF /* Info.plist */,
			);
			path = GithubApp;
			sourceTree = "<group>";
		};
		BD9DB62B2CC5133100E993DF /* GithubAppTests */ = {
			isa = PBXGroup;
			children = (
				BD9DB62C2CC5133100E993DF /* GithubAppTests.swift */,
			);
			path = GithubAppTests;
			sourceTree = "<group>";
		};
		BD9DB6352CC5133100E993DF /* GithubAppUITests */ = {
			isa = PBXGroup;
			children = (
				BD9DB6362CC5133100E993DF /* GithubAppUITests.swift */,
				BD9DB6382CC5133100E993DF /* GithubAppUITestsLaunchTests.swift */,
			);
			path = GithubAppUITests;
			sourceTree = "<group>";
		};
/* End PBXGroup section */

/* Begin PBXNativeTarget section */
		BD9DB6112CC5132C00E993DF /* GithubApp */ = {
			isa = PBXNativeTarget;
			buildConfigurationList = BD9DB63C2CC5133100E993DF /* Build configuration list for PBXNativeTarget "GithubApp" */;
			buildPhases = (
				BD9DB60E2CC5132C00E993DF /* Sources */,
				BD9DB60F2CC5132C00E993DF /* Frameworks */,
				BD9DB6102CC5132C00E993DF /* Resources */,
			);
			buildRules = (
			);
			dependencies = (
			);
			name = GithubApp;
			productName = GithubApp;
			productReference = BD9DB6122CC5132C00E993DF /* GithubApp.app */;
			productType = "com.apple.product-type.application";
		};
		BD9DB6272CC5133100E993DF /* GithubAppTests */ = {
			isa = PBXNativeTarget;
			buildConfigurationList = BD9DB63F2CC5133100E993DF /* Build configuration list for PBXNativeTarget "GithubAppTests" */;
			buildPhases = (
				BD9DB6242CC5133100E993DF /* Sources */,
				BD9DB6252CC5133100E993DF /* Frameworks */,
				BD9DB6262CC5133100E993DF /* Resources */,
			);
			buildRules = (
			);
			dependencies = (
				BD9DB62A2CC5133100E993DF /* PBXTargetDependency */,
			);
			name = GithubAppTests;
			productName = GithubAppTests;
			productReference = BD9DB6282CC5133100E993DF /* GithubAppTests.xctest */;
			productType = "com.apple.product-type.bundle.unit-test";
		};
		BD9DB6312CC5133100E993DF /* GithubAppUITests */ = {
			isa = PBXNativeTarget;
			buildConfigurationList = BD9DB6422CC5133100E993DF /* Build configuration list for PBXNativeTarget "GithubAppUITests" */;
			buildPhases = (
				BD9DB62E2CC5133100E993DF /* Sources */,
				BD9DB62F2CC5133100E993DF /* Frameworks */,
				BD9DB6302CC5133100E993DF /* Resources */,
			);
			buildRules = (
			);
			dependencies = (
				BD9DB6342CC5133100E993DF /* PBXTargetDependency */,
			);
			name = GithubAppUITests;
			productName = GithubAppUITests;
			productReference = BD9DB6322CC5133100E993DF /* GithubAppUITests.xctest */;
			productType = "com.apple.product-type.bundle.ui-testing";
		};
/* End PBXNativeTarget section */

/* Begin PBXProject section */
		BD9DB60A2CC5132C00E993DF /* Project object */ = {
			isa = PBXProject;
			attributes = {
				BuildIndependentTargetsInParallel = 1;
				LastSwiftUpdateCheck = 1430;
				LastUpgradeCheck = 1430;
				TargetAttributes = {
					BD9DB6112CC5132C00E993DF = {
						CreatedOnToolsVersion = 14.3.1;
					};
					BD9DB6272CC5133100E993DF = {
						CreatedOnToolsVersion = 14.3.1;
						TestTargetID = BD9DB6112CC5132C00E993DF;
					};
					BD9DB6312CC5133100E993DF = {
						CreatedOnToolsVersion = 14.3.1;
						TestTargetID = BD9DB6112CC5132C00E993DF;
					};
				};
			};
			buildConfigurationList = BD9DB60D2CC5132C00E993DF /* Build configuration list for PBXProject "GithubApp" */;
			compatibilityVersion = "Xcode 14.0";
			developmentRegion = en;
			hasScannedForEncodings = 0;
			knownRegions = (
				en,
				Base,
			);
			mainGroup = BD9DB6092CC5132C00E993DF;
			productRefGroup = BD9DB6132CC5132C00E993DF /* Products */;
			projectDirPath = "";
			projectRoot = "";
			targets = (
				BD9DB6112CC5132C00E993DF /* GithubApp */,
				BD9DB6272CC5133100E993DF /* GithubAppTests */,
				BD9DB6312CC5133100E993DF /* GithubAppUITests */,
			);
		};
/* End PBXProject section */

/* Begin PBXResourcesBuildPhase section */
		BD9DB6102CC5132C00E993DF /* Resources */ = {
			isa = PBXResourcesBuildPhase;
			buildActionMask = 2147483647;
			files = (
				BD9DB6222CC5133100E993DF /* LaunchScreen.storyboard in Resources */,
				BD9DB61F2CC5133100E993DF /* Assets.xcassets in Resources */,
				BD9DB61D2CC5132C00E993DF /* Main.storyboard in Resources */,
			);
			runOnlyForDeploymentPostprocessing = 0;
		};
		BD9DB6262CC5133100E993DF /* Resources */ = {
			isa = PBXResourcesBuildPhase;
			buildActionMask = 2147483647;
			files = (
			);
			runOnlyForDeploymentPostprocessing = 0;
		};
		BD9DB6302CC5133100E993DF /* Resources */ = {
			isa = PBXResourcesBuildPhase;
			buildActionMask = 2147483647;
			files = (
			);
			runOnlyForDeploymentPostprocessing = 0;
		};
/* End PBXResourcesBuildPhase section */

/* Begin PBXSourcesBuildPhase section */
		BD9DB60E2CC5132C00E993DF /* Sources */ = {
			isa = PBXSourcesBuildPhase;
			buildActionMask = 2147483647;
			files = (
				BD9DB61A2CC5132C00E993DF /* ViewController.swift in Sources */,
				BD9DB6162CC5132C00E993DF /* AppDelegate.swift in Sources */,
				BD9DB6182CC5132C00E993DF /* SceneDelegate.swift in Sources */,
			);
			runOnlyForDeploymentPostprocessing = 0;
		};
		BD9DB6242CC5133100E993DF /* Sources */ = {
			isa = PBXSourcesBuildPhase;
			buildActionMask = 2147483647;
			files = (
				BD9DB62D2CC5133100E993DF /* GithubAppTests.swift in Sources */,
			);
			runOnlyForDeploymentPostprocessing = 0;
		};
		BD9DB62E2CC5133100E993DF /* Sources */ = {
			isa = PBXSourcesBuildPhase;
			buildActionMask = 2147483647;
			files = (
				BD9DB6372CC5133100E993DF /* GithubAppUITests.swift in Sources */,
				BD9DB6392CC5133100E993DF /* GithubAppUITestsLaunchTests.swift in Sources */,
			);
			runOnlyForDeploymentPostprocessing = 0;
		};
/* End PBXSourcesBuildPhase section */

/* Begin PBXTargetDependency section */
		BD9DB62A2CC5133100E993DF /* PBXTargetDependency */ = {
			isa = PBXTargetDependency;
			target = BD9DB6112CC5132C00E993DF /* GithubApp */;
			targetProxy = BD9DB6292CC5133100E993DF /* PBXContainerItemProxy */;
		};
		BD9DB6342CC5133100E993DF /* PBXTargetDependency */ = {
			isa = PBXTargetDependency;
			target = BD9DB6112CC5132C00E993DF /* GithubApp */;
			targetProxy = BD9DB6332CC5133100E993DF /* PBXContainerItemProxy */;
		};
/* End PBXTargetDependency section */

/* Begin PBXVariantGroup section */
		BD9DB61B2CC5132C00E993DF /* Main.storyboard */ = {
			isa = PBXVariantGroup;
			children = (
				BD9DB61C2CC5132C00E993DF /* Base */,
			);
			name = Main.storyboard;
			sourceTree = "<group>";
		};
		BD9DB6202CC5133100E993DF /* LaunchScreen.storyboard */ = {
			isa = PBXVariantGroup;
			children = (
				BD9DB6212CC5133100E993DF /* Base */,
			);
			name = LaunchScreen.storyboard;
			sourceTree = "<group>";
		};
/* End PBXVariantGroup section */

/* Begin XCBuildConfiguration section */
		BD9DB63A2CC5133100E993DF /* Debug */ = {
			isa = XCBuildConfiguration;
			buildSettings = {
				ALWAYS_SEARCH_USER_PATHS = NO;
				CLANG_ANALYZER_NONNULL = YES;
				CLANG_ANALYZER_NUMBER_OBJECT_CONVERSION = YES_AGGRESSIVE;
				CLANG_CXX_LANGUAGE_STANDARD = "gnu++20";
				CLANG_ENABLE_MODULES = YES;
				CLANG_ENABLE_OBJC_ARC = YES;
				CLANG_ENABLE_OBJC_WEAK = YES;
				CLANG_WARN_BLOCK_CAPTURE_AUTORELEASING = YES;
				CLANG_WARN_BOOL_CONVERSION = YES;
				CLANG_WARN_COMMA = YES;
				CLANG_WARN_CONSTANT_CONVERSION = YES;
				CLANG_WARN_DEPRECATED_OBJC_IMPLEMENTATIONS = YES;
				CLANG_WARN_DIRECT_OBJC_ISA_USAGE = YES_ERROR;
				CLANG_WARN_DOCUMENTATION_COMMENTS = YES;
				CLANG_WARN_EMPTY_BODY = YES;
				CLANG_WARN_ENUM_CONVERSION = YES;
				CLANG_WARN_INFINITE_RECURSION = YES;
				CLANG_WARN_INT_CONVERSION = YES;
				CLANG_WARN_NON_LITERAL_NULL_CONVERSION = YES;
				CLANG_WARN_OBJC_IMPLICIT_RETAIN_SELF = YES;
				CLANG_WARN_OBJC_LITERAL_CONVERSION = YES;
				CLANG_WARN_OBJC_ROOT_CLASS = YES_ERROR;
				CLANG_WARN_QUOTED_INCLUDE_IN_FRAMEWORK_HEADER = YES;
				CLANG_WARN_RANGE_LOOP_ANALYSIS = YES;
				CLANG_WARN_STRICT_PROTOTYPES = YES;
				CLANG_WARN_SUSPICIOUS_MOVE = YES;
				CLANG_WARN_UNGUARDED_AVAILABILITY = YES_AGGRESSIVE;
				CLANG_WARN_UNREACHABLE_CODE = YES;
				CLANG_WARN__DUPLICATE_METHOD_MATCH = YES;
				COPY_PHASE_STRIP = NO;
				DEBUG_INFORMATION_FORMAT = dwarf;
				ENABLE_STRICT_OBJC_MSGSEND = YES;
				ENABLE_TESTABILITY = YES;
				GCC_C_LANGUAGE_STANDARD = gnu11;
				GCC_DYNAMIC_NO_PIC = NO;
				GCC_NO_COMMON_BLOCKS = YES;
				GCC_OPTIMIZATION_LEVEL = 0;
				GCC_PREPROCESSOR_DEFINITIONS = (
					"DEBUG=1",
					"$(inherited)",
				);
				GCC_WARN_64_TO_32_BIT_CONVERSION = YES;
				GCC_WARN_ABOUT_RETURN_TYPE = YES_ERROR;
				GCC_WARN_UNDECLARED_SELECTOR = YES;
				GCC_WARN_UNINITIALIZED_AUTOS = YES_AGGRESSIVE;
				GCC_WARN_UNUSED_FUNCTION = YES;
				GCC_WARN_UNUSED_VARIABLE = YES;
				IPHONEOS_DEPLOYMENT_TARGET = 16.4;
				MTL_ENABLE_DEBUG_INFO = INCLUDE_SOURCE;
				MTL_FAST_MATH = YES;
				ONLY_ACTIVE_ARCH = YES;
				SDKROOT = iphoneos;
				SWIFT_ACTIVE_COMPILATION_CONDITIONS = DEBUG;
				SWIFT_OPTIMIZATION_LEVEL = "-Onone";
			};
			name = Debug;
		};
		BD9DB63B2CC5133100E993DF /* Release */ = {
			isa = XCBuildConfiguration;
			buildSettings = {
				ALWAYS_SEARCH_USER_PATHS = NO;
				CLANG_ANALYZER_NONNULL = YES;
				CLANG_ANALYZER_NUMBER_OBJECT_CONVERSION = YES_AGGRESSIVE;
				CLANG_CXX_LANGUAGE_STANDARD = "gnu++20";
				CLANG_ENABLE_MODULES = YES;
				CLANG_ENABLE_OBJC_ARC = YES;
				CLANG_ENABLE_OBJC_WEAK = YES;
				CLANG_WARN_BLOCK_CAPTURE_AUTORELEASING = YES;
				CLANG_WARN_BOOL_CONVERSION = YES;
				CLANG_WARN_COMMA = YES;
				CLANG_WARN_CONSTANT_CONVERSION = YES;
				CLANG_WARN_DEPRECATED_OBJC_IMPLEMENTATIONS = YES;
				CLANG_WARN_DIRECT_OBJC_ISA_USAGE = YES_ERROR;
				CLANG_WARN_DOCUMENTATION_COMMENTS = YES;
				CLANG_WARN_EMPTY_BODY = YES;
				CLANG_WARN_ENUM_CONVERSION = YES;
				CLANG_WARN_INFINITE_RECURSION = YES;
				CLANG_WARN_INT_CONVERSION = YES;
				CLANG_WARN_NON_LITERAL_NULL_CONVERSION = YES;
				CLANG_WARN_OBJC_IMPLICIT_RETAIN_SELF = YES;
				CLANG_WARN_OBJC_LITERAL_CONVERSION = YES;
				CLANG_WARN_OBJC_ROOT_CLASS = YES_ERROR;
				CLANG_WARN_QUOTED_INCLUDE_IN_FRAMEWORK_HEADER = YES;
				CLANG_WARN_RANGE_LOOP_ANALYSIS = YES;
				CLANG_WARN_STRICT_PROTOTYPES = YES;
				CLANG_WARN_SUSPICIOUS_MOVE = YES;
				CLANG_WARN_UNGUARDED_AVAILABILITY = YES_AGGRESSIVE;
				CLANG_WARN_UNREACHABLE_CODE = YES;
				CLANG_WARN__DUPLICATE_METHOD_MATCH = YES;
				COPY_PHASE_STRIP = NO;
				DEBUG_INFORMATION_FORMAT = "dwarf-with-dsym";
				ENABLE_NS_ASSERTIONS = NO;
				ENABLE_STRICT_OBJC_MSGSEND = YES;
				GCC_C_LANGUAGE_STANDARD = gnu11;
				GCC_NO_COMMON_BLOCKS = YES;
				GCC_WARN_64_TO_32_BIT_CONVERSION = YES;
				GCC_WARN_ABOUT_RETURN_TYPE = YES_ERROR;
				GCC_WARN_UNDECLARED_SELECTOR = YES;
				GCC_WARN_UNINITIALIZED_AUTOS = YES_AGGRESSIVE;
				GCC_WARN_UNUSED_FUNCTION = YES;
				GCC_WARN_UNUSED_VARIABLE = YES;
				IPHONEOS_DEPLOYMENT_TARGET = 16.4;
				MTL_ENABLE_DEBUG_INFO = NO;
				MTL_FAST_MATH = YES;
				SDKROOT = iphoneos;
				SWIFT_COMPILATION_MODE = wholemodule;
				SWIFT_OPTIMIZATION_LEVEL = "-O";
				VALIDATE_PRODUCT = YES;
			};
			name = Release;
		};
		BD9DB63D2CC5133100E993DF /* Debug */ = {
			isa = XCBuildConfiguration;
			buildSettings = {
				ASSETCATALOG_COMPILER_APPICON_NAME = AppIcon;
				ASSETCATALOG_COMPILER_GLOBAL_ACCENT_COLOR_NAME = AccentColor;
				CODE_SIGN_STYLE = Automatic;
				CURRENT_PROJECT_VERSION = 1;
				DEVELOPMENT_TEAM = F62Z5CJCVQ;
				GENERATE_INFOPLIST_FILE = YES;
				INFOPLIST_FILE = GithubApp/Info.plist;
				INFOPLIST_KEY_UIApplicationSupportsIndirectInputEvents = YES;
				INFOPLIST_KEY_UILaunchStoryboardName = LaunchScreen;
				INFOPLIST_KEY_UIMainStoryboardFile = Main;
				INFOPLIST_KEY_UISupportedInterfaceOrientations_iPad = "UIInterfaceOrientationPortrait UIInterfaceOrientationPortraitUpsideDown UIInterfaceOrientationLandscapeLeft UIInterfaceOrientationLandscapeRight";
				INFOPLIST_KEY_UISupportedInterfaceOrientations_iPhone = "UIInterfaceOrientationPortrait UIInterfaceOrientationLandscapeLeft UIInterfaceOrientationLandscapeRight";
				LD_RUNPATH_SEARCH_PATHS = (
					"$(inherited)",
					"@executable_path/Frameworks",
				);
				MARKETING_VERSION = 1.0;
				PRODUCT_BUNDLE_IDENTIFIER = koukigomi.GithubApp;
				PRODUCT_NAME = "$(TARGET_NAME)";
				SWIFT_EMIT_LOC_STRINGS = YES;
				SWIFT_VERSION = 5.0;
				TARGETED_DEVICE_FAMILY = "1,2";
			};
			name = Debug;
		};
		BD9DB63E2CC5133100E993DF /* Release */ = {
			isa = XCBuildConfiguration;
			buildSettings = {
				ASSETCATALOG_COMPILER_APPICON_NAME = AppIcon;
				ASSETCATALOG_COMPILER_GLOBAL_ACCENT_COLOR_NAME = AccentColor;
				CODE_SIGN_STYLE = Automatic;
				CURRENT_PROJECT_VERSION = 1;
				DEVELOPMENT_TEAM = F62Z5CJCVQ;
				GENERATE_INFOPLIST_FILE = YES;
				INFOPLIST_FILE = GithubApp/Info.plist;
				INFOPLIST_KEY_UIApplicationSupportsIndirectInputEvents = YES;
				INFOPLIST_KEY_UILaunchStoryboardName = LaunchScreen;
				INFOPLIST_KEY_UIMainStoryboardFile = Main;
				INFOPLIST_KEY_UISupportedInterfaceOrientations_iPad = "UIInterfaceOrientationPortrait UIInterfaceOrientationPortraitUpsideDown UIInterfaceOrientationLandscapeLeft UIInterfaceOrientationLandscapeRight";
				INFOPLIST_KEY_UISupportedInterfaceOrientations_iPhone = "UIInterfaceOrientationPortrait UIInterfaceOrientationLandscapeLeft UIInterfaceOrientationLandscapeRight";
				LD_RUNPATH_SEARCH_PATHS = (
					"$(inherited)",
					"@executable_path/Frameworks",
				);
				MARKETING_VERSION = 1.0;
				PRODUCT_BUNDLE_IDENTIFIER = koukigomi.GithubApp;
				PRODUCT_NAME = "$(TARGET_NAME)";
				SWIFT_EMIT_LOC_STRINGS = YES;
				SWIFT_VERSION = 5.0;
				TARGETED_DEVICE_FAMILY = "1,2";
			};
			name = Release;
		};
		BD9DB6402CC5133100E993DF /* Debug */ = {
			isa = XCBuildConfiguration;
			buildSettings = {
				ALWAYS_EMBED_SWIFT_STANDARD_LIBRARIES = YES;
				BUNDLE_LOADER = "$(TEST_HOST)";
				CODE_SIGN_STYLE = Automatic;
				CURRENT_PROJECT_VERSION = 1;
				DEVELOPMENT_TEAM = F62Z5CJCVQ;
				GENERATE_INFOPLIST_FILE = YES;
				IPHONEOS_DEPLOYMENT_TARGET = 16.4;
				MARKETING_VERSION = 1.0;
				PRODUCT_BUNDLE_IDENTIFIER = koukigomi.GithubAppTests;
				PRODUCT_NAME = "$(TARGET_NAME)";
				SWIFT_EMIT_LOC_STRINGS = NO;
				SWIFT_VERSION = 5.0;
				TARGETED_DEVICE_FAMILY = "1,2";
				TEST_HOST = "$(BUILT_PRODUCTS_DIR)/GithubApp.app/$(BUNDLE_EXECUTABLE_FOLDER_PATH)/GithubApp";
			};
			name = Debug;
		};
		BD9DB6412CC5133100E993DF /* Release */ = {
			isa = XCBuildConfiguration;
			buildSettings = {
				ALWAYS_EMBED_SWIFT_STANDARD_LIBRARIES = YES;
				BUNDLE_LOADER = "$(TEST_HOST)";
				CODE_SIGN_STYLE = Automatic;
				CURRENT_PROJECT_VERSION = 1;
				DEVELOPMENT_TEAM = F62Z5CJCVQ;
				GENERATE_INFOPLIST_FILE = YES;
				IPHONEOS_DEPLOYMENT_TARGET = 16.4;
				MARKETING_VERSION = 1.0;
				PRODUCT_BUNDLE_IDENTIFIER = koukigomi.GithubAppTests;
				PRODUCT_NAME = "$(TARGET_NAME)";
				SWIFT_EMIT_LOC_STRINGS = NO;
				SWIFT_VERSION = 5.0;
				TARGETED_DEVICE_FAMILY = "1,2";
				TEST_HOST = "$(BUILT_PRODUCTS_DIR)/GithubApp.app/$(BUNDLE_EXECUTABLE_FOLDER_PATH)/GithubApp";
			};
			name = Release;
		};
		BD9DB6432CC5133100E993DF /* Debug */ = {
			isa = XCBuildConfiguration;
			buildSettings = {
				ALWAYS_EMBED_SWIFT_STANDARD_LIBRARIES = YES;
				CODE_SIGN_STYLE = Automatic;
				CURRENT_PROJECT_VERSION = 1;
				DEVELOPMENT_TEAM = F62Z5CJCVQ;
				GENERATE_INFOPLIST_FILE = YES;
				MARKETING_VERSION = 1.0;
				PRODUCT_BUNDLE_IDENTIFIER = koukigomi.GithubAppUITests;
				PRODUCT_NAME = "$(TARGET_NAME)";
				SWIFT_EMIT_LOC_STRINGS = NO;
				SWIFT_VERSION = 5.0;
				TARGETED_DEVICE_FAMILY = "1,2";
				TEST_TARGET_NAME = GithubApp;
			};
			name = Debug;
		};
		BD9DB6442CC5133100E993DF /* Release */ = {
			isa = XCBuildConfiguration;
			buildSettings = {
				ALWAYS_EMBED_SWIFT_STANDARD_LIBRARIES = YES;
				CODE_SIGN_STYLE = Automatic;
				CURRENT_PROJECT_VERSION = 1;
				DEVELOPMENT_TEAM = F62Z5CJCVQ;
				GENERATE_INFOPLIST_FILE = YES;
				MARKETING_VERSION = 1.0;
				PRODUCT_BUNDLE_IDENTIFIER = koukigomi.GithubAppUITests;
				PRODUCT_NAME = "$(TARGET_NAME)";
				SWIFT_EMIT_LOC_STRINGS = NO;
				SWIFT_VERSION = 5.0;
				TARGETED_DEVICE_FAMILY = "1,2";
				TEST_TARGET_NAME = GithubApp;
			};
			name = Release;
		};
/* End XCBuildConfiguration section */

/* Begin XCConfigurationList section */
		BD9DB60D2CC5132C00E993DF /* Build configuration list for PBXProject "GithubApp" */ = {
			isa = XCConfigurationList;
			buildConfigurations = (
				BD9DB63A2CC5133100E993DF /* Debug */,
				BD9DB63B2CC5133100E993DF /* Release */,
			);
			defaultConfigurationIsVisible = 0;
			defaultConfigurationName = Release;
		};
		BD9DB63C2CC5133100E993DF /* Build configuration list for PBXNativeTarget "GithubApp" */ = {
			isa = XCConfigurationList;
			buildConfigurations = (
				BD9DB63D2CC5133100E993DF /* Debug */,
				BD9DB63E2CC5133100E993DF /* Release */,
			);
			defaultConfigurationIsVisible = 0;
			defaultConfigurationName = Release;
		};
		BD9DB63F2CC5133100E993DF /* Build configuration list for PBXNativeTarget "GithubAppTests" */ = {
			isa = XCConfigurationList;
			buildConfigurations = (
				BD9DB6402CC5133100E993DF /* Debug */,
				BD9DB6412CC5133100E993DF /* Release */,
			);
			defaultConfigurationIsVisible = 0;
			defaultConfigurationName = Release;
		};
		BD9DB6422CC5133100E993DF /* Build configuration list for PBXNativeTarget "GithubAppUITests" */ = {
			isa = XCConfigurationList;
			buildConfigurations = (
				BD9DB6432CC5133100E993DF /* Debug */,
				BD9DB6442CC5133100E993DF /* Release */,
			);
			defaultConfigurationIsVisible = 0;
			defaultConfigurationName = Release;
		};
/* End XCConfigurationList section */
	};
	rootObject = BD9DB60A2CC5132C00E993DF /* Project object */;
}
